
Microsoft Visual Studio Solution File, Format Version 12.00
# Visual Studio Version 16
VisualStudioVersion = 16.0.29709.97
MinimumVisualStudioVersion = 10.0.40219.1
Project("{FAE04EC0-301F-11D3-BF4B-00C04F79EFBC}") = "Exercise-2", "Exercise-2.csproj", "{84F55C2B-A186-4980-A889-B010D196C432}"
EndProject
Global
	GlobalSection(SolutionConfigurationPlatforms) = preSolution
		Debug|Any CPU = Debug|Any CPU
		Release|Any CPU = Release|Any CPU
	EndGlobalSection
	GlobalSection(ProjectConfigurationPlatforms) = postSolution
		{84F55C2B-A186-4980-A889-B010D196C432}.Debug|Any CPU.ActiveCfg = Debug|Any CPU
		{84F55C2B-A186-4980-A889-B010D196C432}.Debug|Any CPU.Build.0 = Debug|Any CPU
		{84F55C2B-A186-4980-A889-B010D196C432}.Release|Any CPU.ActiveCfg = Release|Any CPU
		{84F55C2B-A186-4980-A889-B010D196C432}.Release|Any CPU.Build.0 = Release|Any CPU
	EndGlobalSection
	GlobalSection(SolutionProperties) = preSolution
		HideSolutionNode = FALSE
	EndGlobalSection
	GlobalSection(ExtensibilityGlobals) = postSolution
		SolutionGuid = {83455E28-5D7E-44E1-B24F-75193531E541}
	EndGlobalSection
EndGlobal
